
Microsoft Visual Studio Solution File, Format Version 12.00
# Visual Studio 15
VisualStudioVersion = 15.0.27703.2000
MinimumVisualStudioVersion = 10.0.40219.1
Project("{FAE04EC0-301F-11D3-BF4B-00C04F79EFBC}") = "ViKT0R", "ViKT0R\ViKT0R.csproj", "{CE30248E-57C9-4B67-8286-8310188B5AF1}"
EndProject
Global
	GlobalSection(SolutionConfigurationPlatforms) = preSolution
		Debug|Any CPU = Debug|Any CPU
		Release|Any CPU = Release|Any CPU
	EndGlobalSection
	GlobalSection(ProjectConfigurationPlatforms) = postSolution
		{CE30248E-57C9-4B67-8286-8310188B5AF1}.Debug|Any CPU.ActiveCfg = Debug|Any CPU
		{CE30248E-57C9-4B67-8286-8310188B5AF1}.Debug|Any CPU.Build.0 = Debug|Any CPU
		{CE30248E-57C9-4B67-8286-8310188B5AF1}.Release|Any CPU.ActiveCfg = Release|Any CPU
		{CE30248E-57C9-4B67-8286-8310188B5AF1}.Release|Any CPU.Build.0 = Release|Any CPU
	EndGlobalSection
	GlobalSection(SolutionProperties) = preSolution
		HideSolutionNode = FALSE
	EndGlobalSection
	GlobalSection(ExtensibilityGlobals) = postSolution
		SolutionGuid = {D62304B0-A763-4F30-A997-DC3A4A8EE16C}
	EndGlobalSection
EndGlobal
